
Microsoft Visual Studio Solution File, Format Version 12.00
# Visual Studio Version 16
VisualStudioVersion = 16.0.29905.134
MinimumVisualStudioVersion = 10.0.40219.1
Project("{FAE04EC0-301F-11D3-BF4B-00C04F79EFBC}") = "The-Simple-Bank", "The-Simple-Bank.csproj", "{8F5C871E-CA7A-4FDD-8B4A-9D78E6770744}"
EndProject
Global
	GlobalSection(SolutionConfigurationPlatforms) = preSolution
		Debug|Any CPU = Debug|Any CPU
		Release|Any CPU = Release|Any CPU
	EndGlobalSection
	GlobalSection(ProjectConfigurationPlatforms) = postSolution
		{8F5C871E-CA7A-4FDD-8B4A-9D78E6770744}.Debug|Any CPU.ActiveCfg = Debug|Any CPU
		{8F5C871E-CA7A-4FDD-8B4A-9D78E6770744}.Debug|Any CPU.Build.0 = Debug|Any CPU
		{8F5C871E-CA7A-4FDD-8B4A-9D78E6770744}.Release|Any CPU.ActiveCfg = Release|Any CPU
		{8F5C871E-CA7A-4FDD-8B4A-9D78E6770744}.Release|Any CPU.Build.0 = Release|Any CPU
	EndGlobalSection
	GlobalSection(SolutionProperties) = preSolution
		HideSolutionNode = FALSE
	EndGlobalSection
	GlobalSection(ExtensibilityGlobals) = postSolution
		SolutionGuid = {EEF0C8CB-8FDB-4F2D-92BA-923952DF2EE8}
	EndGlobalSection
EndGlobal
